{
  "name": "portfoliosite",
  "version": "1.0.0",
  "lockfileVersion": 1,
  "requires": true,
  "dependencies": {
    "response.js": {
      "version": "0.10.1",
      "resolved": "https://registry.npmjs.org/response.js/-/response.js-0.10.1.tgz",
      "integrity": "sha512-Y9fj1V9uA0gbMljwlrP+S7TeJiiUEprQ9t85JIZ69cRjXKLWASzD3X0moAanN83ETA+T5QIJFBkC3inu7Z5Tpg=="
    }
  }
}
